
Microsoft Visual Studio Solution File, Format Version 12.00
# Visual Studio Version 17
VisualStudioVersion = 17.12.35514.174
MinimumVisualStudioVersion = 10.0.40219.1
Project("{2150E333-8FDC-42A3-9474-1A3956D46DE8}") = "1-Domain", "1-Domain", "{7366DC63-543E-4116-B202-A0FD554878EF}"
EndProject
Project("{2150E333-8FDC-42A3-9474-1A3956D46DE8}") = "2-Application", "2-Application", "{DF4FDBE7-B626-4BB3-9F96-8B5F4233CE09}"
EndProject
Project("{2150E333-8FDC-42A3-9474-1A3956D46DE8}") = "3-infrastructure", "3-infrastructure", "{31340B2B-5741-4943-BF61-8431A309276F}"
EndProject
Project("{2150E333-8FDC-42A3-9474-1A3956D46DE8}") = "4-Presentation", "4-Presentation", "{2BE5AC58-6879-414F-91E2-E2938BC455E8}"
EndProject
Project("{FAE04EC0-301F-11D3-BF4B-00C04F79EFBC}") = "Domain", "Domain\Domain.csproj", "{45805992-2F39-47D2-A494-8305A6E6F2A9}"
EndProject
Project("{FAE04EC0-301F-11D3-BF4B-00C04F79EFBC}") = "Application", "Application\Application.csproj", "{666D661C-B014-4777-9DD6-87BD95AF29C4}"
EndProject
Project("{FAE04EC0-301F-11D3-BF4B-00C04F79EFBC}") = "infrastructure", "infrastructure\infrastructure.csproj", "{2C345A0E-FC54-4139-B402-CF6B97021C50}"
	ProjectSection(ProjectDependencies) = postProject
		{45805992-2F39-47D2-A494-8305A6E6F2A9} = {45805992-2F39-47D2-A494-8305A6E6F2A9}
		{666D661C-B014-4777-9DD6-87BD95AF29C4} = {666D661C-B014-4777-9DD6-87BD95AF29C4}
	EndProjectSection
EndProject
Project("{FAE04EC0-301F-11D3-BF4B-00C04F79EFBC}") = "WindowsService", "WindowsService\WindowsService.csproj", "{8BB0D0AE-DFBC-4673-B683-25A7030ECCDD}"
EndProject
Global
	GlobalSection(SolutionConfigurationPlatforms) = preSolution
		Debug|Any CPU = Debug|Any CPU
		Release|Any CPU = Release|Any CPU
	EndGlobalSection
	GlobalSection(ProjectConfigurationPlatforms) = postSolution
		{45805992-2F39-47D2-A494-8305A6E6F2A9}.Debug|Any CPU.ActiveCfg = Debug|Any CPU
		{45805992-2F39-47D2-A494-8305A6E6F2A9}.Debug|Any CPU.Build.0 = Debug|Any CPU
		{45805992-2F39-47D2-A494-8305A6E6F2A9}.Release|Any CPU.ActiveCfg = Release|Any CPU
		{45805992-2F39-47D2-A494-8305A6E6F2A9}.Release|Any CPU.Build.0 = Release|Any CPU
		{666D661C-B014-4777-9DD6-87BD95AF29C4}.Debug|Any CPU.ActiveCfg = Debug|Any CPU
		{666D661C-B014-4777-9DD6-87BD95AF29C4}.Debug|Any CPU.Build.0 = Debug|Any CPU
		{666D661C-B014-4777-9DD6-87BD95AF29C4}.Release|Any CPU.ActiveCfg = Release|Any CPU
		{666D661C-B014-4777-9DD6-87BD95AF29C4}.Release|Any CPU.Build.0 = Release|Any CPU
		{2C345A0E-FC54-4139-B402-CF6B97021C50}.Debug|Any CPU.ActiveCfg = Debug|Any CPU
		{2C345A0E-FC54-4139-B402-CF6B97021C50}.Debug|Any CPU.Build.0 = Debug|Any CPU
		{2C345A0E-FC54-4139-B402-CF6B97021C50}.Release|Any CPU.ActiveCfg = Release|Any CPU
		{2C345A0E-FC54-4139-B402-CF6B97021C50}.Release|Any CPU.Build.0 = Release|Any CPU
		{8BB0D0AE-DFBC-4673-B683-25A7030ECCDD}.Debug|Any CPU.ActiveCfg = Debug|Any CPU
		{8BB0D0AE-DFBC-4673-B683-25A7030ECCDD}.Debug|Any CPU.Build.0 = Debug|Any CPU
		{8BB0D0AE-DFBC-4673-B683-25A7030ECCDD}.Release|Any CPU.ActiveCfg = Release|Any CPU
		{8BB0D0AE-DFBC-4673-B683-25A7030ECCDD}.Release|Any CPU.Build.0 = Release|Any CPU
	EndGlobalSection
	GlobalSection(SolutionProperties) = preSolution
		HideSolutionNode = FALSE
	EndGlobalSection
	GlobalSection(NestedProjects) = preSolution
		{45805992-2F39-47D2-A494-8305A6E6F2A9} = {7366DC63-543E-4116-B202-A0FD554878EF}
		{666D661C-B014-4777-9DD6-87BD95AF29C4} = {DF4FDBE7-B626-4BB3-9F96-8B5F4233CE09}
		{2C345A0E-FC54-4139-B402-CF6B97021C50} = {31340B2B-5741-4943-BF61-8431A309276F}
		{8BB0D0AE-DFBC-4673-B683-25A7030ECCDD} = {2BE5AC58-6879-414F-91E2-E2938BC455E8}
	EndGlobalSection
EndGlobal
